
Microsoft Visual Studio Solution File, Format Version 12.00
# Visual Studio Version 17
VisualStudioVersion = 17.7.34031.279
MinimumVisualStudioVersion = 10.0.40219.1
Project("{FAE04EC0-301F-11D3-BF4B-00C04F79EFBC}") = "GA_Recursion_JonathanReed", "GA_Recursion_JonathanReed\GA_Recursion_JonathanReed.csproj", "{EBD0F788-0896-438C-832E-6A905DDD9573}"
EndProject
Global
	GlobalSection(SolutionConfigurationPlatforms) = preSolution
		Debug|Any CPU = Debug|Any CPU
		Release|Any CPU = Release|Any CPU
	EndGlobalSection
	GlobalSection(ProjectConfigurationPlatforms) = postSolution
		{EBD0F788-0896-438C-832E-6A905DDD9573}.Debug|Any CPU.ActiveCfg = Debug|Any CPU
		{EBD0F788-0896-438C-832E-6A905DDD9573}.Debug|Any CPU.Build.0 = Debug|Any CPU
		{EBD0F788-0896-438C-832E-6A905DDD9573}.Release|Any CPU.ActiveCfg = Release|Any CPU
		{EBD0F788-0896-438C-832E-6A905DDD9573}.Release|Any CPU.Build.0 = Release|Any CPU
	EndGlobalSection
	GlobalSection(SolutionProperties) = preSolution
		HideSolutionNode = FALSE
	EndGlobalSection
	GlobalSection(ExtensibilityGlobals) = postSolution
		SolutionGuid = {FA6B093D-927B-4BB6-9DCA-D0068FF4C3C9}
	EndGlobalSection
EndGlobal
